<?xml version="1.0" encoding="utf-8"?>
<Project ToolsVersion="4.0" xmlns="http://schemas.microsoft.com/developer/msbuild/2003">
  <ItemGroup>
    <Filter Include="Source Files">
      <UniqueIdentifier>{4FC737F1-C7A5-4376-A066-2A32D752A2FF}</UniqueIdentifier>
      <Extensions>cpp;c;cc;cxx;def;odl;idl;hpj;bat;asm;asmx</Extensions>
    </Filter>
    <Filter Include="Header Files">
      <UniqueIdentifier>{93995380-89BD-4b04-88EB-625FBE52EBFB}</UniqueIdentifier>
      <Extensions>h;hh;hpp;hxx;hm;inl;inc;ipp;xsd</Extensions>
    </Filter>
    <Filter Include="Resource Files">
      <UniqueIdentifier>{67DA6AB6-F800-4c08-8B7A-83BB121AAD01}</UniqueIdentifier>
      <Extensions>rc;ico;cur;bmp;dlg;rc2;rct;bin;rgs;gif;jpg;jpeg;jpe;resx;tiff;tif;png;wav;mfcribbon-ms</Extensions>
    </Filter>
  </ItemGroup>
  <ItemGroup>
    <ClCompile Include="src\Main.cpp">
      <Filter>Source Files</Filter>
    </ClCompile>
    <ClCompile Include="src\voxel_engine\VoxelEngine.cpp">
      <Filter>Source Files</Filter>
    </ClCompile>
    <ClCompile Include="src\engine\audio\AudioContext.cpp">
      <Filter>Source Files</Filter>
    </ClCompile>
    <ClCompile Include="src\engine\audio\AudioSource.cpp">
      <Filter>Source Files</Filter>
    </ClCompile>
    <ClCompile Include="src\engine\audio\Sound.cpp">
      <Filter>Source Files</Filter>
    </ClCompile>
    <ClCompile Include="src\engine\camera\Camera3D.cpp">
      <Filter>Source Files</Filter>
    </ClCompile>
    <ClCompile Include="src\engine\error\GameException.cpp">
      <Filter>Source Files</Filter>
    </ClCompile>
    <ClCompile Include="src\engine\graphics\shaders\Shader.cpp">
      <Filter>Source Files</Filter>
    </ClCompile>
    <ClCompile Include="src\engine\graphics\shaders\ShaderProgram.cpp">
      <Filter>Source Files</Filter>
    </ClCompile>
    <ClCompile Include="src\engine\graphics\text\Font.cpp">
      <Filter>Source Files</Filter>
    </ClCompile>
    <ClCompile Include="src\engine\graphics\text\Text.cpp">
      <Filter>Source Files</Filter>
    </ClCompile>
    <ClCompile Include="src\engine\graphics\window\GLWindow.cpp">
      <Filter>Source Files</Filter>
    </ClCompile>
    <ClCompile Include="src\engine\graphics\window\Window.cpp">
      <Filter>Source Files</Filter>
    </ClCompile>
    <ClCompile Include="src\engine\graphics\Drawable.cpp">
      <Filter>Source Files</Filter>
    </ClCompile>
    <ClCompile Include="src\engine\graphics\Sprite.cpp">
      <Filter>Source Files</Filter>
    </ClCompile>
    <ClCompile Include="src\engine\graphics\Texture.cpp">
      <Filter>Source Files</Filter>
    </ClCompile>
    <ClCompile Include="src\engine\graphics\TileMap.cpp">
      <Filter>Source Files</Filter>
    </ClCompile>
    <ClCompile Include="src\engine\input\GameController.cpp">
      <Filter>Source Files</Filter>
    </ClCompile>
    <ClCompile Include="src\engine\managers\assets\FontManager.cpp">
      <Filter>Source Files</Filter>
    </ClCompile>
    <ClCompile Include="src\engine\managers\assets\ShaderManager.cpp">
      <Filter>Source Files</Filter>
    </ClCompile>
    <ClCompile Include="src\engine\managers\assets\SoundManager.cpp">
      <Filter>Source Files</Filter>
    </ClCompile>
    <ClCompile Include="src\engine\managers\assets\TextureManager.cpp">
      <Filter>Source Files</Filter>
    </ClCompile>
    <ClCompile Include="src\engine\managers\input\InputManager.cpp">
      <Filter>Source Files</Filter>
    </ClCompile>
    <ClCompile Include="src\engine\scenes\GameScene.cpp">
      <Filter>Source Files</Filter>
    </ClCompile>
    <ClCompile Include="src\engine\utility\config\ConfigReader.cpp">
      <Filter>Source Files</Filter>
    </ClCompile>
    <ClCompile Include="src\engine\utility\Logger.cpp">
      <Filter>Source Files</Filter>
    </ClCompile>
    <ClCompile Include="src\engine\utility\StringUtility.cpp">
      <Filter>Source Files</Filter>
    </ClCompile>
    <ClCompile Include="src\engine\vendor\glad\glad.c">
      <Filter>Source Files</Filter>
    </ClCompile>
    <ClCompile Include="src\engine\vendor\stbimage\STBImageImplementation.cpp">
      <Filter>Source Files</Filter>
    </ClCompile>
    <ClCompile Include="src\engine\vendor\tinyxml2\tinyxml2.cpp">
      <Filter>Source Files</Filter>
    </ClCompile>
    <ClCompile Include="src\engine\Game.cpp">
      <Filter>Source Files</Filter>
    </ClCompile>
    <ClCompile Include="src\voxel_engine\world\Block.cpp">
      <Filter>Source Files</Filter>
    </ClCompile>
    <ClCompile Include="src\voxel_engine\world\Chunk.cpp">
      <Filter>Source Files</Filter>
    </ClCompile>
    <ClCompile Include="src\voxel_engine\world\World.cpp">
      <Filter>Source Files</Filter>
    </ClCompile>
    <ClCompile Include="src\engine\graphics\Cubemap.cpp">
      <Filter>Source Files</Filter>
    </ClCompile>
    <ClCompile Include="src\engine\managers\assets\CubemapManager.cpp">
      <Filter>Source Files</Filter>
    </ClCompile>
    <ClCompile Include="src\voxel_engine\Skybox.cpp">
      <Filter>Source Files</Filter>
    </ClCompile>
    <ClCompile Include="src\engine\graphics\TextureArray.cpp">
      <Filter>Source Files</Filter>
    </ClCompile>
    <ClCompile Include="src\engine\managers\assets\TextureArrayManager.cpp">
      <Filter>Source Files</Filter>
    </ClCompile>
  </ItemGroup>
  <ItemGroup>
    <ClInclude Include="src\voxel_engine\VoxelEngine.h">
      <Filter>Header Files</Filter>
    </ClInclude>
    <ClInclude Include="src\engine\audio\AudioContext.h">
      <Filter>Header Files</Filter>
    </ClInclude>
    <ClInclude Include="src\engine\audio\AudioSource.h">
      <Filter>Header Files</Filter>
    </ClInclude>
    <ClInclude Include="src\engine\audio\Sound.h">
      <Filter>Header Files</Filter>
    </ClInclude>
    <ClInclude Include="src\engine\camera\Camera3D.h">
      <Filter>Header Files</Filter>
    </ClInclude>
    <ClInclude Include="src\engine\error\GameException.h">
      <Filter>Header Files</Filter>
    </ClInclude>
    <ClInclude Include="src\engine\graphics\shaders\Shader.h">
      <Filter>Header Files</Filter>
    </ClInclude>
    <ClInclude Include="src\engine\graphics\shaders\ShaderProgram.h">
      <Filter>Header Files</Filter>
    </ClInclude>
    <ClInclude Include="src\engine\graphics\text\Font.h">
      <Filter>Header Files</Filter>
    </ClInclude>
    <ClInclude Include="src\engine\graphics\text\Text.h">
      <Filter>Header Files</Filter>
    </ClInclude>
    <ClInclude Include="src\engine\graphics\window\GLWindow.h">
      <Filter>Header Files</Filter>
    </ClInclude>
    <ClInclude Include="src\engine\graphics\window\Window.h">
      <Filter>Header Files</Filter>
    </ClInclude>
    <ClInclude Include="src\engine\graphics\Drawable.h">
      <Filter>Header Files</Filter>
    </ClInclude>
    <ClInclude Include="src\engine\graphics\Sprite.h">
      <Filter>Header Files</Filter>
    </ClInclude>
    <ClInclude Include="src\engine\graphics\Texture.h">
      <Filter>Header Files</Filter>
    </ClInclude>
    <ClInclude Include="src\engine\graphics\TileMap.h">
      <Filter>Header Files</Filter>
    </ClInclude>
    <ClInclude Include="src\engine\graphics\Vertex.h">
      <Filter>Header Files</Filter>
    </ClInclude>
    <ClInclude Include="src\engine\input\GameController.h">
      <Filter>Header Files</Filter>
    </ClInclude>
    <ClInclude Include="src\engine\input\Input.h">
      <Filter>Header Files</Filter>
    </ClInclude>
    <ClInclude Include="src\engine\interfaces\IGameObject.h">
      <Filter>Header Files</Filter>
    </ClInclude>
    <ClInclude Include="src\engine\interfaces\INoncopyable.h">
      <Filter>Header Files</Filter>
    </ClInclude>
    <ClInclude Include="src\engine\interfaces\INonmovable.h">
      <Filter>Header Files</Filter>
    </ClInclude>
    <ClInclude Include="src\engine\managers\assets\AssetManager.h">
      <Filter>Header Files</Filter>
    </ClInclude>
    <ClInclude Include="src\engine\managers\assets\FontManager.h">
      <Filter>Header Files</Filter>
    </ClInclude>
    <ClInclude Include="src\engine\managers\assets\ShaderManager.h">
      <Filter>Header Files</Filter>
    </ClInclude>
    <ClInclude Include="src\engine\managers\assets\SoundManager.h">
      <Filter>Header Files</Filter>
    </ClInclude>
    <ClInclude Include="src\engine\managers\assets\TextureManager.h">
      <Filter>Header Files</Filter>
    </ClInclude>
    <ClInclude Include="src\engine\managers\input\InputManager.h">
      <Filter>Header Files</Filter>
    </ClInclude>
    <ClInclude Include="src\engine\scenes\GameScene.h">
      <Filter>Header Files</Filter>
    </ClInclude>
    <ClInclude Include="src\engine\utility\config\Config.h">
      <Filter>Header Files</Filter>
    </ClInclude>
    <ClInclude Include="src\engine\utility\config\ConfigReader.h">
      <Filter>Header Files</Filter>
    </ClInclude>
    <ClInclude Include="src\engine\utility\Logger.h">
      <Filter>Header Files</Filter>
    </ClInclude>
    <ClInclude Include="src\engine\utility\Random.h">
      <Filter>Header Files</Filter>
    </ClInclude>
    <ClInclude Include="src\engine\utility\StringUtility.h">
      <Filter>Header Files</Filter>
    </ClInclude>
    <ClInclude Include="src\engine\Game.h">
      <Filter>Header Files</Filter>
    </ClInclude>
    <ClInclude Include="src\voxel_engine\world\Block.h">
      <Filter>Header Files</Filter>
    </ClInclude>
    <ClInclude Include="src\voxel_engine\world\Chunk.h">
      <Filter>Header Files</Filter>
    </ClInclude>
    <ClInclude Include="src\voxel_engine\world\World.h">
      <Filter>Header Files</Filter>
    </ClInclude>
    <ClInclude Include="src\engine\graphics\Cubemap.h">
      <Filter>Header Files</Filter>
    </ClInclude>
    <ClInclude Include="src\voxel_engine\Skybox.h">
      <Filter>Header Files</Filter>
    </ClInclude>
    <ClInclude Include="src\engine\managers\assets\CubemapManager.h">
      <Filter>Header Files</Filter>
    </ClInclude>
    <ClInclude Include="src\engine\graphics\TextureArray.h">
      <Filter>Header Files</Filter>
    </ClInclude>
    <ClInclude Include="src\engine\managers\assets\TextureArrayManager.h">
      <Filter>Header Files</Filter>
    </ClInclude>
  </ItemGroup>
  <ItemGroup>
    <None Include="shaders\chunk.vert" />
    <None Include="shaders\chunk.frag" />
    <None Include="shaders\sprite.frag" />
    <None Include="shaders\sprite.vert" />
    <None Include="shaders\skybox.vert" />
    <None Include="shaders\skybox.frag" />
  </ItemGroup>
</Project>